
Microsoft Visual Studio Solution File, Format Version 12.00
# Visual Studio 2015
Project("{FAE04EC0-301F-11D3-BF4B-00C04F79EFBC}") = "test-facebook", "test-facebook.csproj", "{B9946ECE-F98D-D854-587F-6CC3E7CB101B}"
EndProject
Global
	GlobalSection(SolutionConfigurationPlatforms) = preSolution
		Debug|Any CPU = Debug|Any CPU
		Release|Any CPU = Release|Any CPU
	EndGlobalSection
	GlobalSection(ProjectConfigurationPlatforms) = postSolution
		{B9946ECE-F98D-D854-587F-6CC3E7CB101B}.Debug|Any CPU.ActiveCfg = Debug|Any CPU
		{B9946ECE-F98D-D854-587F-6CC3E7CB101B}.Debug|Any CPU.Build.0 = Debug|Any CPU
		{B9946ECE-F98D-D854-587F-6CC3E7CB101B}.Release|Any CPU.ActiveCfg = Release|Any CPU
		{B9946ECE-F98D-D854-587F-6CC3E7CB101B}.Release|Any CPU.Build.0 = Release|Any CPU
	EndGlobalSection
	GlobalSection(SolutionProperties) = preSolution
		HideSolutionNode = FALSE
	EndGlobalSection
EndGlobal
